
Microsoft Visual Studio Solution File, Format Version 12.00
# Visual Studio 15
VisualStudioVersion = 15.0.28307.421
MinimumVisualStudioVersion = 10.0.40219.1
Project("{9A19103F-16F7-4668-BE54-9A1E7A4F7556}") = "SeafConsole", "SeafConsole\SeafConsole.csproj", "{760064C5-98D1-4958-B3BD-1C10173C4845}"
EndProject
Project("{9A19103F-16F7-4668-BE54-9A1E7A4F7556}") = "SeafClient", "SeafClient\SeafClient.csproj", "{2169BF5D-97F8-4E38-9290-9D2A952C002F}"
EndProject
Project("{FAE04EC0-301F-11D3-BF4B-00C04F79EFBC}") = "SeafClient-NetStandard", "SeafClient-NetStandard\SeafClient-NetStandard.csproj", "{EBE24E6A-6EB2-4447-BFC2-4313431DF261}"
EndProject
Global
	GlobalSection(SolutionConfigurationPlatforms) = preSolution
		Debug|Any CPU = Debug|Any CPU
		Release|Any CPU = Release|Any CPU
	EndGlobalSection
	GlobalSection(ProjectConfigurationPlatforms) = postSolution
		{760064C5-98D1-4958-B3BD-1C10173C4845}.Debug|Any CPU.ActiveCfg = Debug|Any CPU
		{760064C5-98D1-4958-B3BD-1C10173C4845}.Debug|Any CPU.Build.0 = Debug|Any CPU
		{760064C5-98D1-4958-B3BD-1C10173C4845}.Release|Any CPU.ActiveCfg = Release|Any CPU
		{760064C5-98D1-4958-B3BD-1C10173C4845}.Release|Any CPU.Build.0 = Release|Any CPU
		{2169BF5D-97F8-4E38-9290-9D2A952C002F}.Debug|Any CPU.ActiveCfg = Debug|Any CPU
		{2169BF5D-97F8-4E38-9290-9D2A952C002F}.Debug|Any CPU.Build.0 = Debug|Any CPU
		{2169BF5D-97F8-4E38-9290-9D2A952C002F}.Release|Any CPU.ActiveCfg = Release|Any CPU
		{2169BF5D-97F8-4E38-9290-9D2A952C002F}.Release|Any CPU.Build.0 = Release|Any CPU
		{EBE24E6A-6EB2-4447-BFC2-4313431DF261}.Debug|Any CPU.ActiveCfg = Debug|Any CPU
		{EBE24E6A-6EB2-4447-BFC2-4313431DF261}.Debug|Any CPU.Build.0 = Debug|Any CPU
		{EBE24E6A-6EB2-4447-BFC2-4313431DF261}.Release|Any CPU.ActiveCfg = Release|Any CPU
		{EBE24E6A-6EB2-4447-BFC2-4313431DF261}.Release|Any CPU.Build.0 = Release|Any CPU
	EndGlobalSection
	GlobalSection(SolutionProperties) = preSolution
		HideSolutionNode = FALSE
	EndGlobalSection
	GlobalSection(ExtensibilityGlobals) = postSolution
		SolutionGuid = {A5A1AC68-3FEE-4C4D-A47B-EC68CF23CE74}
	EndGlobalSection
EndGlobal
